// !$*UTF8*$!
{
	archiveVersion = 1;
	classes = {
	};
	objectVersion = 55;
	objects = {

/* Begin PBXBuildFile section */
		5B84BA9C2893703D00522856 /* AppDelegate.swift in Sources */ = {isa = PBXBuildFile; fileRef = 5B84BA9B2893703D00522856 /* AppDelegate.swift */; };
		5B84BA9E2893703D00522856 /* SceneDelegate.swift in Sources */ = {isa = PBXBuildFile; fileRef = 5B84BA9D2893703D00522856 /* SceneDelegate.swift */; };
		5B84BAA02893703D00522856 /* ViewController.swift in Sources */ = {isa = PBXBuildFile; fileRef = 5B84BA9F2893703D00522856 /* ViewController.swift */; };
		5B84BAA32893703D00522856 /* Main.storyboard in Resources */ = {isa = PBXBuildFile; fileRef = 5B84BAA12893703D00522856 /* Main.storyboard */; };
		5B84BAA52893703E00522856 /* Assets.xcassets in Resources */ = {isa = PBXBuildFile; fileRef = 5B84BAA42893703E00522856 /* Assets.xcassets */; };
		5B84BAA82893703E00522856 /* LaunchScreen.storyboard in Resources */ = {isa = PBXBuildFile; fileRef = 5B84BAA62893703E00522856 /* LaunchScreen.storyboard */; };
		5B84BAB32893703E00522856 /* HozScrollTest2Tests.swift in Sources */ = {isa = PBXBuildFile; fileRef = 5B84BAB22893703E00522856 /* HozScrollTest2Tests.swift */; };
		5B84BABD2893703E00522856 /* HozScrollTest2UITests.swift in Sources */ = {isa = PBXBuildFile; fileRef = 5B84BABC2893703E00522856 /* HozScrollTest2UITests.swift */; };
		5B84BABF2893703E00522856 /* HozScrollTest2UITestsLaunchTests.swift in Sources */ = {isa = PBXBuildFile; fileRef = 5B84BABE2893703E00522856 /* HozScrollTest2UITestsLaunchTests.swift */; };
/* End PBXBuildFile section */

/* Begin PBXContainerItemProxy section */
		5B84BAAF2893703E00522856 /* PBXContainerItemProxy */ = {
			isa = PBXContainerItemProxy;
			containerPortal = 5B84BA902893703D00522856 /* Project object */;
			proxyType = 1;
			remoteGlobalIDString = 5B84BA972893703D00522856;
			remoteInfo = HozScrollTest2;
		};
		5B84BAB92893703E00522856 /* PBXContainerItemProxy */ = {
			isa = PBXContainerItemProxy;
			containerPortal = 5B84BA902893703D00522856 /* Project object */;
			proxyType = 1;
			remoteGlobalIDString = 5B84BA972893703D00522856;
			remoteInfo = HozScrollTest2;
		};
/* End PBXContainerItemProxy section */

/* Begin PBXFileReference section */
		5B84BA982893703D00522856 /* HozScrollTest2.app */ = {isa = PBXFileReference; explicitFileType = wrapper.application; includeInIndex = 0; path = HozScrollTest2.app; sourceTree = BUILT_PRODUCTS_DIR; };
		5B84BA9B2893703D00522856 /* AppDelegate.swift */ = {isa = PBXFileReference; lastKnownFileType = sourcecode.swift; path = AppDelegate.swift; sourceTree = "<group>"; };
		5B84BA9D2893703D00522856 /* SceneDelegate.swift */ = {isa = PBXFileReference; lastKnownFileType = sourcecode.swift; path = SceneDelegate.swift; sourceTree = "<group>"; };
		5B84BA9F2893703D00522856 /* ViewController.swift */ = {isa = PBXFileReference; lastKnownFileType = sourcecode.swift; path = ViewController.swift; sourceTree = "<group>"; };
		5B84BAA22893703D00522856 /* Base */ = {isa = PBXFileReference; lastKnownFileType = file.storyboard; name = Base; path = Base.lproj/Main.storyboard; sourceTree = "<group>"; };
		5B84BAA42893703E00522856 /* Assets.xcassets */ = {isa = PBXFileReference; lastKnownFileType = folder.assetcatalog; path = Assets.xcassets; sourceTree = "<group>"; };
		5B84BAA72893703E00522856 /* Base */ = {isa = PBXFileReference; lastKnownFileType = file.storyboard; name = Base; path = Base.lproj/LaunchScreen.storyboard; sourceTree = "<group>"; };
		5B84BAA92893703E00522856 /* Info.plist */ = {isa = PBXFileReference; lastKnownFileType = text.plist.xml; path = Info.plist; sourceTree = "<group>"; };
		5B84BAAE2893703E00522856 /* HozScrollTest2Tests.xctest */ = {isa = PBXFileReference; explicitFileType = wrapper.cfbundle; includeInIndex = 0; path = HozScrollTest2Tests.xctest; sourceTree = BUILT_PRODUCTS_DIR; };
		5B84BAB22893703E00522856 /* HozScrollTest2Tests.swift */ = {isa = PBXFileReference; lastKnownFileType = sourcecode.swift; path = HozScrollTest2Tests.swift; sourceTree = "<group>"; };
		5B84BAB82893703E00522856 /* HozScrollTest2UITests.xctest */ = {isa = PBXFileReference; explicitFileType = wrapper.cfbundle; includeInIndex = 0; path = HozScrollTest2UITests.xctest; sourceTree = BUILT_PRODUCTS_DIR; };
		5B84BABC2893703E00522856 /* HozScrollTest2UITests.swift */ = {isa = PBXFileReference; lastKnownFileType = sourcecode.swift; path = HozScrollTest2UITests.swift; sourceTree = "<group>"; };
		5B84BABE2893703E00522856 /* HozScrollTest2UITestsLaunchTests.swift */ = {isa = PBXFileReference; lastKnownFileType = sourcecode.swift; path = HozScrollTest2UITestsLaunchTests.swift; sourceTree = "<group>"; };
/* End PBXFileReference section */

/* Begin PBXFrameworksBuildPhase section */
		5B84BA952893703D00522856 /* Frameworks */ = {
			isa = PBXFrameworksBuildPhase;
			buildActionMask = 2147483647;
			files = (
			);
			runOnlyForDeploymentPostprocessing = 0;
		};
		5B84BAAB2893703E00522856 /* Frameworks */ = {
			isa = PBXFrameworksBuildPhase;
			buildActionMask = 2147483647;
			files = (
			);
			runOnlyForDeploymentPostprocessing = 0;
		};
		5B84BAB52893703E00522856 /* Frameworks */ = {
			isa = PBXFrameworksBuildPhase;
			buildActionMask = 2147483647;
			files = (
			);
			runOnlyForDeploymentPostprocessing = 0;
		};
/* End PBXFrameworksBuildPhase section */

/* Begin PBXGroup section */
		5B84BA8F2893703D00522856 = {
			isa = PBXGroup;
			children = (
				5B84BA9A2893703D00522856 /* HozScrollTest2 */,
				5B84BAB12893703E00522856 /* HozScrollTest2Tests */,
				5B84BABB2893703E00522856 /* HozScrollTest2UITests */,
				5B84BA992893703D00522856 /* Products */,
			);
			sourceTree = "<group>";
		};
		5B84BA992893703D00522856 /* Products */ = {
			isa = PBXGroup;
			children = (
				5B84BA982893703D00522856 /* HozScrollTest2.app */,
				5B84BAAE2893703E00522856 /* HozScrollTest2Tests.xctest */,
				5B84BAB82893703E00522856 /* HozScrollTest2UITests.xctest */,
			);
			name = Products;
			sourceTree = "<group>";
		};
		5B84BA9A2893703D00522856 /* HozScrollTest2 */ = {
			isa = PBXGroup;
			children = (
				5B84BA9B2893703D00522856 /* AppDelegate.swift */,
				5B84BA9D2893703D00522856 /* SceneDelegate.swift */,
				5B84BA9F2893703D00522856 /* ViewController.swift */,
				5B84BAA12893703D00522856 /* Main.storyboard */,
				5B84BAA42893703E00522856 /* Assets.xcassets */,
				5B84BAA62893703E00522856 /* LaunchScreen.storyboard */,
				5B84BAA92893703E00522856 /* Info.plist */,
			);
			path = HozScrollTest2;
			sourceTree = "<group>";
		};
		5B84BAB12893703E00522856 /* HozScrollTest2Tests */ = {
			isa = PBXGroup;
			children = (
				5B84BAB22893703E00522856 /* HozScrollTest2Tests.swift */,
			);
			path = HozScrollTest2Tests;
			sourceTree = "<group>";
		};
		5B84BABB2893703E00522856 /* HozScrollTest2UITests */ = {
			isa = PBXGroup;
			children = (
				5B84BABC2893703E00522856 /* HozScrollTest2UITests.swift */,
				5B84BABE2893703E00522856 /* HozScrollTest2UITestsLaunchTests.swift */,
			);
			path = HozScrollTest2UITests;
			sourceTree = "<group>";
		};
/* End PBXGroup section */

/* Begin PBXNativeTarget section */
		5B84BA972893703D00522856 /* HozScrollTest2 */ = {
			isa = PBXNativeTarget;
			buildConfigurationList = 5B84BAC22893703E00522856 /* Build configuration list for PBXNativeTarget "HozScrollTest2" */;
			buildPhases = (
				5B84BA942893703D00522856 /* Sources */,
				5B84BA952893703D00522856 /* Frameworks */,
				5B84BA962893703D00522856 /* Resources */,
			);
			buildRules = (
			);
			dependencies = (
			);
			name = HozScrollTest2;
			productName = HozScrollTest2;
			productReference = 5B84BA982893703D00522856 /* HozScrollTest2.app */;
			productType = "com.apple.product-type.application";
		};
		5B84BAAD2893703E00522856 /* HozScrollTest2Tests */ = {
			isa = PBXNativeTarget;
			buildConfigurationList = 5B84BAC52893703E00522856 /* Build configuration list for PBXNativeTarget "HozScrollTest2Tests" */;
			buildPhases = (
				5B84BAAA2893703E00522856 /* Sources */,
				5B84BAAB2893703E00522856 /* Frameworks */,
				5B84BAAC2893703E00522856 /* Resources */,
			);
			buildRules = (
			);
			dependencies = (
				5B84BAB02893703E00522856 /* PBXTargetDependency */,
			);
			name = HozScrollTest2Tests;
			productName = HozScrollTest2Tests;
			productReference = 5B84BAAE2893703E00522856 /* HozScrollTest2Tests.xctest */;
			productType = "com.apple.product-type.bundle.unit-test";
		};
		5B84BAB72893703E00522856 /* HozScrollTest2UITests */ = {
			isa = PBXNativeTarget;
			buildConfigurationList = 5B84BAC82893703E00522856 /* Build configuration list for PBXNativeTarget "HozScrollTest2UITests" */;
			buildPhases = (
				5B84BAB42893703E00522856 /* Sources */,
				5B84BAB52893703E00522856 /* Frameworks */,
				5B84BAB62893703E00522856 /* Resources */,
			);
			buildRules = (
			);
			dependencies = (
				5B84BABA2893703E00522856 /* PBXTargetDependency */,
			);
			name = HozScrollTest2UITests;
			productName = HozScrollTest2UITests;
			productReference = 5B84BAB82893703E00522856 /* HozScrollTest2UITests.xctest */;
			productType = "com.apple.product-type.bundle.ui-testing";
		};
/* End PBXNativeTarget section */

/* Begin PBXProject section */
		5B84BA902893703D00522856 /* Project object */ = {
			isa = PBXProject;
			attributes = {
				BuildIndependentTargetsInParallel = 1;
				LastSwiftUpdateCheck = 1340;
				LastUpgradeCheck = 1340;
				TargetAttributes = {
					5B84BA972893703D00522856 = {
						CreatedOnToolsVersion = 13.4;
					};
					5B84BAAD2893703E00522856 = {
						CreatedOnToolsVersion = 13.4;
						TestTargetID = 5B84BA972893703D00522856;
					};
					5B84BAB72893703E00522856 = {
						CreatedOnToolsVersion = 13.4;
						TestTargetID = 5B84BA972893703D00522856;
					};
				};
			};
			buildConfigurationList = 5B84BA932893703D00522856 /* Build configuration list for PBXProject "HozScrollTest2" */;
			compatibilityVersion = "Xcode 13.0";
			developmentRegion = en;
			hasScannedForEncodings = 0;
			knownRegions = (
				en,
				Base,
			);
			mainGroup = 5B84BA8F2893703D00522856;
			productRefGroup = 5B84BA992893703D00522856 /* Products */;
			projectDirPath = "";
			projectRoot = "";
			targets = (
				5B84BA972893703D00522856 /* HozScrollTest2 */,
				5B84BAAD2893703E00522856 /* HozScrollTest2Tests */,
				5B84BAB72893703E00522856 /* HozScrollTest2UITests */,
			);
		};
/* End PBXProject section */

/* Begin PBXResourcesBuildPhase section */
		5B84BA962893703D00522856 /* Resources */ = {
			isa = PBXResourcesBuildPhase;
			buildActionMask = 2147483647;
			files = (
				5B84BAA82893703E00522856 /* LaunchScreen.storyboard in Resources */,
				5B84BAA52893703E00522856 /* Assets.xcassets in Resources */,
				5B84BAA32893703D00522856 /* Main.storyboard in Resources */,
			);
			runOnlyForDeploymentPostprocessing = 0;
		};
		5B84BAAC2893703E00522856 /* Resources */ = {
			isa = PBXResourcesBuildPhase;
			buildActionMask = 2147483647;
			files = (
			);
			runOnlyForDeploymentPostprocessing = 0;
		};
		5B84BAB62893703E00522856 /* Resources */ = {
			isa = PBXResourcesBuildPhase;
			buildActionMask = 2147483647;
			files = (
			);
			runOnlyForDeploymentPostprocessing = 0;
		};
/* End PBXResourcesBuildPhase section */

/* Begin PBXSourcesBuildPhase section */
		5B84BA942893703D00522856 /* Sources */ = {
			isa = PBXSourcesBuildPhase;
			buildActionMask = 2147483647;
			files = (
				5B84BAA02893703D00522856 /* ViewController.swift in Sources */,
				5B84BA9C2893703D00522856 /* AppDelegate.swift in Sources */,
				5B84BA9E2893703D00522856 /* SceneDelegate.swift in Sources */,
			);
			runOnlyForDeploymentPostprocessing = 0;
		};
		5B84BAAA2893703E00522856 /* Sources */ = {
			isa = PBXSourcesBuildPhase;
			buildActionMask = 2147483647;
			files = (
				5B84BAB32893703E00522856 /* HozScrollTest2Tests.swift in Sources */,
			);
			runOnlyForDeploymentPostprocessing = 0;
		};
		5B84BAB42893703E00522856 /* Sources */ = {
			isa = PBXSourcesBuildPhase;
			buildActionMask = 2147483647;
			files = (
				5B84BABF2893703E00522856 /* HozScrollTest2UITestsLaunchTests.swift in Sources */,
				5B84BABD2893703E00522856 /* HozScrollTest2UITests.swift in Sources */,
			);
			runOnlyForDeploymentPostprocessing = 0;
		};
/* End PBXSourcesBuildPhase section */

/* Begin PBXTargetDependency section */
		5B84BAB02893703E00522856 /* PBXTargetDependency */ = {
			isa = PBXTargetDependency;
			target = 5B84BA972893703D00522856 /* HozScrollTest2 */;
			targetProxy = 5B84BAAF2893703E00522856 /* PBXContainerItemProxy */;
		};
		5B84BABA2893703E00522856 /* PBXTargetDependency */ = {
			isa = PBXTargetDependency;
			target = 5B84BA972893703D00522856 /* HozScrollTest2 */;
			targetProxy = 5B84BAB92893703E00522856 /* PBXContainerItemProxy */;
		};
/* End PBXTargetDependency section */

/* Begin PBXVariantGroup section */
		5B84BAA12893703D00522856 /* Main.storyboard */ = {
			isa = PBXVariantGroup;
			children = (
				5B84BAA22893703D00522856 /* Base */,
			);
			name = Main.storyboard;
			sourceTree = "<group>";
		};
		5B84BAA62893703E00522856 /* LaunchScreen.storyboard */ = {
			isa = PBXVariantGroup;
			children = (
				5B84BAA72893703E00522856 /* Base */,
			);
			name = LaunchScreen.storyboard;
			sourceTree = "<group>";
		};
/* End PBXVariantGroup section */

/* Begin XCBuildConfiguration section */
		5B84BAC02893703E00522856 /* Debug */ = {
			isa = XCBuildConfiguration;
			buildSettings = {
				ALWAYS_SEARCH_USER_PATHS = NO;
				CLANG_ANALYZER_NONNULL = YES;
				CLANG_ANALYZER_NUMBER_OBJECT_CONVERSION = YES_AGGRESSIVE;
				CLANG_CXX_LANGUAGE_STANDARD = "gnu++17";
				CLANG_ENABLE_MODULES = YES;
				CLANG_ENABLE_OBJC_ARC = YES;
				CLANG_ENABLE_OBJC_WEAK = YES;
				CLANG_WARN_BLOCK_CAPTURE_AUTORELEASING = YES;
				CLANG_WARN_BOOL_CONVERSION = YES;
				CLANG_WARN_COMMA = YES;
				CLANG_WARN_CONSTANT_CONVERSION = YES;
				CLANG_WARN_DEPRECATED_OBJC_IMPLEMENTATIONS = YES;
				CLANG_WARN_DIRECT_OBJC_ISA_USAGE = YES_ERROR;
				CLANG_WARN_DOCUMENTATION_COMMENTS = YES;
				CLANG_WARN_EMPTY_BODY = YES;
				CLANG_WARN_ENUM_CONVERSION = YES;
				CLANG_WARN_INFINITE_RECURSION = YES;
				CLANG_WARN_INT_CONVERSION = YES;
				CLANG_WARN_NON_LITERAL_NULL_CONVERSION = YES;
				CLANG_WARN_OBJC_IMPLICIT_RETAIN_SELF = YES;
				CLANG_WARN_OBJC_LITERAL_CONVERSION = YES;
				CLANG_WARN_OBJC_ROOT_CLASS = YES_ERROR;
				CLANG_WARN_QUOTED_INCLUDE_IN_FRAMEWORK_HEADER = YES;
				CLANG_WARN_RANGE_LOOP_ANALYSIS = YES;
				CLANG_WARN_STRICT_PROTOTYPES = YES;
				CLANG_WARN_SUSPICIOUS_MOVE = YES;
				CLANG_WARN_UNGUARDED_AVAILABILITY = YES_AGGRESSIVE;
				CLANG_WARN_UNREACHABLE_CODE = YES;
				CLANG_WARN__DUPLICATE_METHOD_MATCH = YES;
				COPY_PHASE_STRIP = NO;
				DEBUG_INFORMATION_FORMAT = dwarf;
				ENABLE_STRICT_OBJC_MSGSEND = YES;
				ENABLE_TESTABILITY = YES;
				GCC_C_LANGUAGE_STANDARD = gnu11;
				GCC_DYNAMIC_NO_PIC = NO;
				GCC_NO_COMMON_BLOCKS = YES;
				GCC_OPTIMIZATION_LEVEL = 0;
				GCC_PREPROCESSOR_DEFINITIONS = (
					"DEBUG=1",
					"$(inherited)",
				);
				GCC_WARN_64_TO_32_BIT_CONVERSION = YES;
				GCC_WARN_ABOUT_RETURN_TYPE = YES_ERROR;
				GCC_WARN_UNDECLARED_SELECTOR = YES;
				GCC_WARN_UNINITIALIZED_AUTOS = YES_AGGRESSIVE;
				GCC_WARN_UNUSED_FUNCTION = YES;
				GCC_WARN_UNUSED_VARIABLE = YES;
				IPHONEOS_DEPLOYMENT_TARGET = 15.5;
				MTL_ENABLE_DEBUG_INFO = INCLUDE_SOURCE;
				MTL_FAST_MATH = YES;
				ONLY_ACTIVE_ARCH = YES;
				SDKROOT = iphoneos;
				SWIFT_ACTIVE_COMPILATION_CONDITIONS = DEBUG;
				SWIFT_OPTIMIZATION_LEVEL = "-Onone";
			};
			name = Debug;
		};
		5B84BAC12893703E00522856 /* Release */ = {
			isa = XCBuildConfiguration;
			buildSettings = {
				ALWAYS_SEARCH_USER_PATHS = NO;
				CLANG_ANALYZER_NONNULL = YES;
				CLANG_ANALYZER_NUMBER_OBJECT_CONVERSION = YES_AGGRESSIVE;
				CLANG_CXX_LANGUAGE_STANDARD = "gnu++17";
				CLANG_ENABLE_MODULES = YES;
				CLANG_ENABLE_OBJC_ARC = YES;
				CLANG_ENABLE_OBJC_WEAK = YES;
				CLANG_WARN_BLOCK_CAPTURE_AUTORELEASING = YES;
				CLANG_WARN_BOOL_CONVERSION = YES;
				CLANG_WARN_COMMA = YES;
				CLANG_WARN_CONSTANT_CONVERSION = YES;
				CLANG_WARN_DEPRECATED_OBJC_IMPLEMENTATIONS = YES;
				CLANG_WARN_DIRECT_OBJC_ISA_USAGE = YES_ERROR;
				CLANG_WARN_DOCUMENTATION_COMMENTS = YES;
				CLANG_WARN_EMPTY_BODY = YES;
				CLANG_WARN_ENUM_CONVERSION = YES;
				CLANG_WARN_INFINITE_RECURSION = YES;
				CLANG_WARN_INT_CONVERSION = YES;
				CLANG_WARN_NON_LITERAL_NULL_CONVERSION = YES;
				CLANG_WARN_OBJC_IMPLICIT_RETAIN_SELF = YES;
				CLANG_WARN_OBJC_LITERAL_CONVERSION = YES;
				CLANG_WARN_OBJC_ROOT_CLASS = YES_ERROR;
				CLANG_WARN_QUOTED_INCLUDE_IN_FRAMEWORK_HEADER = YES;
				CLANG_WARN_RANGE_LOOP_ANALYSIS = YES;
				CLANG_WARN_STRICT_PROTOTYPES = YES;
				CLANG_WARN_SUSPICIOUS_MOVE = YES;
				CLANG_WARN_UNGUARDED_AVAILABILITY = YES_AGGRESSIVE;
				CLANG_WARN_UNREACHABLE_CODE = YES;
				CLANG_WARN__DUPLICATE_METHOD_MATCH = YES;
				COPY_PHASE_STRIP = NO;
				DEBUG_INFORMATION_FORMAT = "dwarf-with-dsym";
				ENABLE_NS_ASSERTIONS = NO;
				ENABLE_STRICT_OBJC_MSGSEND = YES;
				GCC_C_LANGUAGE_STANDARD = gnu11;
				GCC_NO_COMMON_BLOCKS = YES;
				GCC_WARN_64_TO_32_BIT_CONVERSION = YES;
				GCC_WARN_ABOUT_RETURN_TYPE = YES_ERROR;
				GCC_WARN_UNDECLARED_SELECTOR = YES;
				GCC_WARN_UNINITIALIZED_AUTOS = YES_AGGRESSIVE;
				GCC_WARN_UNUSED_FUNCTION = YES;
				GCC_WARN_UNUSED_VARIABLE = YES;
				IPHONEOS_DEPLOYMENT_TARGET = 15.5;
				MTL_ENABLE_DEBUG_INFO = NO;
				MTL_FAST_MATH = YES;
				SDKROOT = iphoneos;
				SWIFT_COMPILATION_MODE = wholemodule;
				SWIFT_OPTIMIZATION_LEVEL = "-O";
				VALIDATE_PRODUCT = YES;
			};
			name = Release;
		};
		5B84BAC32893703E00522856 /* Debug */ = {
			isa = XCBuildConfiguration;
			buildSettings = {
				ASSETCATALOG_COMPILER_APPICON_NAME = AppIcon;
				ASSETCATALOG_COMPILER_GLOBAL_ACCENT_COLOR_NAME = AccentColor;
				CODE_SIGN_STYLE = Automatic;
				CURRENT_PROJECT_VERSION = 1;
				GENERATE_INFOPLIST_FILE = YES;
				INFOPLIST_FILE = HozScrollTest2/Info.plist;
				INFOPLIST_KEY_UIApplicationSupportsIndirectInputEvents = YES;
				INFOPLIST_KEY_UILaunchStoryboardName = LaunchScreen;
				INFOPLIST_KEY_UIMainStoryboardFile = Main;
				INFOPLIST_KEY_UISupportedInterfaceOrientations_iPad = "UIInterfaceOrientationPortrait UIInterfaceOrientationPortraitUpsideDown UIInterfaceOrientationLandscapeLeft UIInterfaceOrientationLandscapeRight";
				INFOPLIST_KEY_UISupportedInterfaceOrientations_iPhone = "UIInterfaceOrientationPortrait UIInterfaceOrientationLandscapeLeft UIInterfaceOrientationLandscapeRight";
				LD_RUNPATH_SEARCH_PATHS = (
					"$(inherited)",
					"@executable_path/Frameworks",
				);
				MARKETING_VERSION = 1.0;
				PRODUCT_BUNDLE_IDENTIFIER = alertaction.HozScrollTest2;
				PRODUCT_NAME = "$(TARGET_NAME)";
				SWIFT_EMIT_LOC_STRINGS = YES;
				SWIFT_VERSION = 5.0;
				TARGETED_DEVICE_FAMILY = "1,2";
			};
			name = Debug;
		};
		5B84BAC42893703E00522856 /* Release */ = {
			isa = XCBuildConfiguration;
			buildSettings = {
				ASSETCATALOG_COMPILER_APPICON_NAME = AppIcon;
				ASSETCATALOG_COMPILER_GLOBAL_ACCENT_COLOR_NAME = AccentColor;
				CODE_SIGN_STYLE = Automatic;
				CURRENT_PROJECT_VERSION = 1;
				GENERATE_INFOPLIST_FILE = YES;
				INFOPLIST_FILE = HozScrollTest2/Info.plist;
				INFOPLIST_KEY_UIApplicationSupportsIndirectInputEvents = YES;
				INFOPLIST_KEY_UILaunchStoryboardName = LaunchScreen;
				INFOPLIST_KEY_UIMainStoryboardFile = Main;
				INFOPLIST_KEY_UISupportedInterfaceOrientations_iPad = "UIInterfaceOrientationPortrait UIInterfaceOrientationPortraitUpsideDown UIInterfaceOrientationLandscapeLeft UIInterfaceOrientationLandscapeRight";
				INFOPLIST_KEY_UISupportedInterfaceOrientations_iPhone = "UIInterfaceOrientationPortrait UIInterfaceOrientationLandscapeLeft UIInterfaceOrientationLandscapeRight";
				LD_RUNPATH_SEARCH_PATHS = (
					"$(inherited)",
					"@executable_path/Frameworks",
				);
				MARKETING_VERSION = 1.0;
				PRODUCT_BUNDLE_IDENTIFIER = alertaction.HozScrollTest2;
				PRODUCT_NAME = "$(TARGET_NAME)";
				SWIFT_EMIT_LOC_STRINGS = YES;
				SWIFT_VERSION = 5.0;
				TARGETED_DEVICE_FAMILY = "1,2";
			};
			name = Release;
		};
		5B84BAC62893703E00522856 /* Debug */ = {
			isa = XCBuildConfiguration;
			buildSettings = {
				ALWAYS_EMBED_SWIFT_STANDARD_LIBRARIES = YES;
				BUNDLE_LOADER = "$(TEST_HOST)";
				CODE_SIGN_STYLE = Automatic;
				CURRENT_PROJECT_VERSION = 1;
				GENERATE_INFOPLIST_FILE = YES;
				IPHONEOS_DEPLOYMENT_TARGET = 15.5;
				MARKETING_VERSION = 1.0;
				PRODUCT_BUNDLE_IDENTIFIER = alertaction.HozScrollTest2Tests;
				PRODUCT_NAME = "$(TARGET_NAME)";
				SWIFT_EMIT_LOC_STRINGS = NO;
				SWIFT_VERSION = 5.0;
				TARGETED_DEVICE_FAMILY = "1,2";
				TEST_HOST = "$(BUILT_PRODUCTS_DIR)/HozScrollTest2.app/HozScrollTest2";
			};
			name = Debug;
		};
		5B84BAC72893703E00522856 /* Release */ = {
			isa = XCBuildConfiguration;
			buildSettings = {
				ALWAYS_EMBED_SWIFT_STANDARD_LIBRARIES = YES;
				BUNDLE_LOADER = "$(TEST_HOST)";
				CODE_SIGN_STYLE = Automatic;
				CURRENT_PROJECT_VERSION = 1;
				GENERATE_INFOPLIST_FILE = YES;
				IPHONEOS_DEPLOYMENT_TARGET = 15.5;
				MARKETING_VERSION = 1.0;
				PRODUCT_BUNDLE_IDENTIFIER = alertaction.HozScrollTest2Tests;
				PRODUCT_NAME = "$(TARGET_NAME)";
				SWIFT_EMIT_LOC_STRINGS = NO;
				SWIFT_VERSION = 5.0;
				TARGETED_DEVICE_FAMILY = "1,2";
				TEST_HOST = "$(BUILT_PRODUCTS_DIR)/HozScrollTest2.app/HozScrollTest2";
			};
			name = Release;
		};
		5B84BAC92893703E00522856 /* Debug */ = {
			isa = XCBuildConfiguration;
			buildSettings = {
				ALWAYS_EMBED_SWIFT_STANDARD_LIBRARIES = YES;
				CODE_SIGN_STYLE = Automatic;
				CURRENT_PROJECT_VERSION = 1;
				GENERATE_INFOPLIST_FILE = YES;
				MARKETING_VERSION = 1.0;
				PRODUCT_BUNDLE_IDENTIFIER = alertaction.HozScrollTest2UITests;
				PRODUCT_NAME = "$(TARGET_NAME)";
				SWIFT_EMIT_LOC_STRINGS = NO;
				SWIFT_VERSION = 5.0;
				TARGETED_DEVICE_FAMILY = "1,2";
				TEST_TARGET_NAME = HozScrollTest2;
			};
			name = Debug;
		};
		5B84BACA2893703E00522856 /* Release */ = {
			isa = XCBuildConfiguration;
			buildSettings = {
				ALWAYS_EMBED_SWIFT_STANDARD_LIBRARIES = YES;
				CODE_SIGN_STYLE = Automatic;
				CURRENT_PROJECT_VERSION = 1;
				GENERATE_INFOPLIST_FILE = YES;
				MARKETING_VERSION = 1.0;
				PRODUCT_BUNDLE_IDENTIFIER = alertaction.HozScrollTest2UITests;
				PRODUCT_NAME = "$(TARGET_NAME)";
				SWIFT_EMIT_LOC_STRINGS = NO;
				SWIFT_VERSION = 5.0;
				TARGETED_DEVICE_FAMILY = "1,2";
				TEST_TARGET_NAME = HozScrollTest2;
			};
			name = Release;
		};
/* End XCBuildConfiguration section */

/* Begin XCConfigurationList section */
		5B84BA932893703D00522856 /* Build configuration list for PBXProject "HozScrollTest2" */ = {
			isa = XCConfigurationList;
			buildConfigurations = (
				5B84BAC02893703E00522856 /* Debug */,
				5B84BAC12893703E00522856 /* Release */,
			);
			defaultConfigurationIsVisible = 0;
			defaultConfigurationName = Release;
		};
		5B84BAC22893703E00522856 /* Build configuration list for PBXNativeTarget "HozScrollTest2" */ = {
			isa = XCConfigurationList;
			buildConfigurations = (
				5B84BAC32893703E00522856 /* Debug */,
				5B84BAC42893703E00522856 /* Release */,
			);
			defaultConfigurationIsVisible = 0;
			defaultConfigurationName = Release;
		};
		5B84BAC52893703E00522856 /* Build configuration list for PBXNativeTarget "HozScrollTest2Tests" */ = {
			isa = XCConfigurationList;
			buildConfigurations = (
				5B84BAC62893703E00522856 /* Debug */,
				5B84BAC72893703E00522856 /* Release */,
			);
			defaultConfigurationIsVisible = 0;
			defaultConfigurationName = Release;
		};
		5B84BAC82893703E00522856 /* Build configuration list for PBXNativeTarget "HozScrollTest2UITests" */ = {
			isa = XCConfigurationList;
			buildConfigurations = (
				5B84BAC92893703E00522856 /* Debug */,
				5B84BACA2893703E00522856 /* Release */,
			);
			defaultConfigurationIsVisible = 0;
			defaultConfigurationName = Release;
		};
/* End XCConfigurationList section */
	};
	rootObject = 5B84BA902893703D00522856 /* Project object */;
}
